
Microsoft Visual Studio Solution File, Format Version 12.00
# Visual Studio Version 17
VisualStudioVersion = 17.4.33122.133
MinimumVisualStudioVersion = 10.0.40219.1
Project("{FAE04EC0-301F-11D3-BF4B-00C04F79EFBC}") = "SkillFactory_8_Module", "SkillFactory_8_Module\SkillFactory_8_Module.csproj", "{FE019604-5FF1-4AAB-8674-C366251EF2FC}"
EndProject
Global
	GlobalSection(SolutionConfigurationPlatforms) = preSolution
		Debug|Any CPU = Debug|Any CPU
		Release|Any CPU = Release|Any CPU
	EndGlobalSection
	GlobalSection(ProjectConfigurationPlatforms) = postSolution
		{FE019604-5FF1-4AAB-8674-C366251EF2FC}.Debug|Any CPU.ActiveCfg = Debug|Any CPU
		{FE019604-5FF1-4AAB-8674-C366251EF2FC}.Debug|Any CPU.Build.0 = Debug|Any CPU
		{FE019604-5FF1-4AAB-8674-C366251EF2FC}.Release|Any CPU.ActiveCfg = Release|Any CPU
		{FE019604-5FF1-4AAB-8674-C366251EF2FC}.Release|Any CPU.Build.0 = Release|Any CPU
	EndGlobalSection
	GlobalSection(SolutionProperties) = preSolution
		HideSolutionNode = FALSE
	EndGlobalSection
	GlobalSection(ExtensibilityGlobals) = postSolution
		SolutionGuid = {53185CBB-AC78-4526-9D23-78EF8550AE75}
	EndGlobalSection
EndGlobal
